
Microsoft Visual Studio Solution File, Format Version 12.00
Project("{FAE04EC0-301F-11D3-BF4B-00C04F79EFBC}") = "yAppLambda", "yAppLambda\src\yAppLambda.csproj", "{10FA90E7-826A-44DB-B81B-03A26B634320}"
EndProject
Project("{FAE04EC0-301F-11D3-BF4B-00C04F79EFBC}") = "UnitTests", "UnitTests\UnitTests.csproj", "{7B1DEEBF-F771-4B76-A858-491E63B5B117}"
EndProject
Global
	GlobalSection(SolutionConfigurationPlatforms) = preSolution
		Debug|Any CPU = Debug|Any CPU
		Release|Any CPU = Release|Any CPU
	EndGlobalSection
	GlobalSection(ProjectConfigurationPlatforms) = postSolution
		{10FA90E7-826A-44DB-B81B-03A26B634320}.Debug|Any CPU.ActiveCfg = Debug|Any CPU
		{10FA90E7-826A-44DB-B81B-03A26B634320}.Debug|Any CPU.Build.0 = Debug|Any CPU
		{10FA90E7-826A-44DB-B81B-03A26B634320}.Release|Any CPU.ActiveCfg = Release|Any CPU
		{10FA90E7-826A-44DB-B81B-03A26B634320}.Release|Any CPU.Build.0 = Release|Any CPU
		{7B1DEEBF-F771-4B76-A858-491E63B5B117}.Debug|Any CPU.ActiveCfg = Debug|Any CPU
		{7B1DEEBF-F771-4B76-A858-491E63B5B117}.Debug|Any CPU.Build.0 = Debug|Any CPU
		{7B1DEEBF-F771-4B76-A858-491E63B5B117}.Release|Any CPU.ActiveCfg = Release|Any CPU
		{7B1DEEBF-F771-4B76-A858-491E63B5B117}.Release|Any CPU.Build.0 = Release|Any CPU
	EndGlobalSection
EndGlobal
